
Microsoft Visual Studio Solution File, Format Version 12.00
# Visual Studio Version 17
VisualStudioVersion = 17.8.34511.84
MinimumVisualStudioVersion = 10.0.40219.1
Project("{9A19103F-16F7-4668-BE54-9A1E7A4F7556}") = "NierReincarnationRecap.Business", "NierReincarnationRecap.Business\NierReincarnationRecap.Business.csproj", "{1690EC5B-75CF-4EB7-84EE-9BB5339B0E31}"
EndProject
Project("{9A19103F-16F7-4668-BE54-9A1E7A4F7556}") = "NierReincarnationRecap.SaveData", "NierReincarnationRecap.SaveData\NierReincarnationRecap.SaveData.csproj", "{8FFEE69E-4246-4D09-8ECE-1181B3D256F0}"
EndProject
Project("{9A19103F-16F7-4668-BE54-9A1E7A4F7556}") = "NierReincarnationRecap.Api", "NierReincarnationRecap.Api\NierReincarnationRecap.Api.csproj", "{0AB34901-467C-4A51-B195-0F0466B8598B}"
EndProject
Project("{9A19103F-16F7-4668-BE54-9A1E7A4F7556}") = "NierReincarnationRecap.Model", "NierReincarnationRecap.Model\NierReincarnationRecap.Model.csproj", "{F4D48AED-BA7F-4C7B-825A-9C8E9E888C26}"
EndProject
Project("{9A19103F-16F7-4668-BE54-9A1E7A4F7556}") = "NierReincarnationRecap.App", "NierReincarnationRecap.App\NierReincarnationRecap.App.csproj", "{DADDA3DB-1BEF-417F-89EC-0E4F5F4943E9}"
EndProject
Global
	GlobalSection(SolutionConfigurationPlatforms) = preSolution
		Debug|Any CPU = Debug|Any CPU
		Release|Any CPU = Release|Any CPU
	EndGlobalSection
	GlobalSection(ProjectConfigurationPlatforms) = postSolution
		{1690EC5B-75CF-4EB7-84EE-9BB5339B0E31}.Debug|Any CPU.ActiveCfg = Debug|Any CPU
		{1690EC5B-75CF-4EB7-84EE-9BB5339B0E31}.Debug|Any CPU.Build.0 = Debug|Any CPU
		{1690EC5B-75CF-4EB7-84EE-9BB5339B0E31}.Release|Any CPU.ActiveCfg = Release|Any CPU
		{1690EC5B-75CF-4EB7-84EE-9BB5339B0E31}.Release|Any CPU.Build.0 = Release|Any CPU
		{8FFEE69E-4246-4D09-8ECE-1181B3D256F0}.Debug|Any CPU.ActiveCfg = Debug|Any CPU
		{8FFEE69E-4246-4D09-8ECE-1181B3D256F0}.Debug|Any CPU.Build.0 = Debug|Any CPU
		{8FFEE69E-4246-4D09-8ECE-1181B3D256F0}.Release|Any CPU.ActiveCfg = Release|Any CPU
		{8FFEE69E-4246-4D09-8ECE-1181B3D256F0}.Release|Any CPU.Build.0 = Release|Any CPU
		{0AB34901-467C-4A51-B195-0F0466B8598B}.Debug|Any CPU.ActiveCfg = Debug|Any CPU
		{0AB34901-467C-4A51-B195-0F0466B8598B}.Debug|Any CPU.Build.0 = Debug|Any CPU
		{0AB34901-467C-4A51-B195-0F0466B8598B}.Release|Any CPU.ActiveCfg = Release|Any CPU
		{0AB34901-467C-4A51-B195-0F0466B8598B}.Release|Any CPU.Build.0 = Release|Any CPU
		{F4D48AED-BA7F-4C7B-825A-9C8E9E888C26}.Debug|Any CPU.ActiveCfg = Debug|Any CPU
		{F4D48AED-BA7F-4C7B-825A-9C8E9E888C26}.Debug|Any CPU.Build.0 = Debug|Any CPU
		{F4D48AED-BA7F-4C7B-825A-9C8E9E888C26}.Release|Any CPU.ActiveCfg = Release|Any CPU
		{F4D48AED-BA7F-4C7B-825A-9C8E9E888C26}.Release|Any CPU.Build.0 = Release|Any CPU
		{DADDA3DB-1BEF-417F-89EC-0E4F5F4943E9}.Debug|Any CPU.ActiveCfg = Debug|Any CPU
		{DADDA3DB-1BEF-417F-89EC-0E4F5F4943E9}.Debug|Any CPU.Build.0 = Debug|Any CPU
		{DADDA3DB-1BEF-417F-89EC-0E4F5F4943E9}.Release|Any CPU.ActiveCfg = Release|Any CPU
		{DADDA3DB-1BEF-417F-89EC-0E4F5F4943E9}.Release|Any CPU.Build.0 = Release|Any CPU
	EndGlobalSection
	GlobalSection(SolutionProperties) = preSolution
		HideSolutionNode = FALSE
	EndGlobalSection
	GlobalSection(ExtensibilityGlobals) = postSolution
		SolutionGuid = {3B6CAEE8-751E-4089-AAF4-B3118C8C71C3}
	EndGlobalSection
EndGlobal
